
Microsoft Visual Studio Solution File, Format Version 12.00
# Visual Studio 15
VisualStudioVersion = 15.0.28307.852
MinimumVisualStudioVersion = 10.0.40219.1
Project("{9A19103F-16F7-4668-BE54-9A1E7A4F7556}") = "SkeletonSite", "SkeletonSite\SkeletonSite.csproj", "{018D7D32-100E-40BD-AD1A-ECDB19F8898F}"
EndProject
Project("{FAE04EC0-301F-11D3-BF4B-00C04F79EFBC}") = "SkeletonSite.Tests", "SkeletonSite.Tests\SkeletonSite.Tests.csproj", "{6C0E86F9-E2DE-4CB0-BEA8-2C483F316B26}"
EndProject
Global
	GlobalSection(SolutionConfigurationPlatforms) = preSolution
		Debug|Any CPU = Debug|Any CPU
		Release|Any CPU = Release|Any CPU
	EndGlobalSection
	GlobalSection(ProjectConfigurationPlatforms) = postSolution
		{018D7D32-100E-40BD-AD1A-ECDB19F8898F}.Debug|Any CPU.ActiveCfg = Debug|Any CPU
		{018D7D32-100E-40BD-AD1A-ECDB19F8898F}.Debug|Any CPU.Build.0 = Debug|Any CPU
		{018D7D32-100E-40BD-AD1A-ECDB19F8898F}.Release|Any CPU.ActiveCfg = Release|Any CPU
		{018D7D32-100E-40BD-AD1A-ECDB19F8898F}.Release|Any CPU.Build.0 = Release|Any CPU
		{6C0E86F9-E2DE-4CB0-BEA8-2C483F316B26}.Debug|Any CPU.ActiveCfg = Debug|Any CPU
		{6C0E86F9-E2DE-4CB0-BEA8-2C483F316B26}.Debug|Any CPU.Build.0 = Debug|Any CPU
		{6C0E86F9-E2DE-4CB0-BEA8-2C483F316B26}.Release|Any CPU.ActiveCfg = Release|Any CPU
		{6C0E86F9-E2DE-4CB0-BEA8-2C483F316B26}.Release|Any CPU.Build.0 = Release|Any CPU
	EndGlobalSection
	GlobalSection(SolutionProperties) = preSolution
		HideSolutionNode = FALSE
	EndGlobalSection
	GlobalSection(ExtensibilityGlobals) = postSolution
		SolutionGuid = {FD8676CC-F36E-478B-8617-4E30E5FDD7DD}
	EndGlobalSection
EndGlobal
